// !$*UTF8*$!
{
	archiveVersion = 1;
	classes = {
	};
	objectVersion = 48;
	objects = {

/* Begin PBXBuildFile section */
		929689E0208F2F2C0011ED9D /* AppDelegate.swift in Sources */ = {isa = PBXBuildFile; fileRef = 929689DF208F2F2C0011ED9D /* AppDelegate.swift */; };
		929689E2208F2F2C0011ED9D /* ViewController.swift in Sources */ = {isa = PBXBuildFile; fileRef = 929689E1208F2F2C0011ED9D /* ViewController.swift */; };
		929689E5208F2F2C0011ED9D /* Main.storyboard in Resources */ = {isa = PBXBuildFile; fileRef = 929689E3208F2F2C0011ED9D /* Main.storyboard */; };
		929689E7208F2F2C0011ED9D /* Assets.xcassets in Resources */ = {isa = PBXBuildFile; fileRef = 929689E6208F2F2C0011ED9D /* Assets.xcassets */; };
		929689EA208F2F2C0011ED9D /* LaunchScreen.storyboard in Resources */ = {isa = PBXBuildFile; fileRef = 929689E8208F2F2C0011ED9D /* LaunchScreen.storyboard */; };
/* End PBXBuildFile section */

/* Begin PBXFileReference section */
		929689DC208F2F2B0011ED9D /* FirstAppHakintosh.app */ = {isa = PBXFileReference; explicitFileType = wrapper.application; includeInIndex = 0; path = FirstAppHakintosh.app; sourceTree = BUILT_PRODUCTS_DIR; };
		929689DF208F2F2C0011ED9D /* AppDelegate.swift */ = {isa = PBXFileReference; lastKnownFileType = sourcecode.swift; path = AppDelegate.swift; sourceTree = "<group>"; };
		929689E1208F2F2C0011ED9D /* ViewController.swift */ = {isa = PBXFileReference; lastKnownFileType = sourcecode.swift; path = ViewController.swift; sourceTree = "<group>"; };
		929689E4208F2F2C0011ED9D /* Base */ = {isa = PBXFileReference; lastKnownFileType = file.storyboard; name = Base; path = Base.lproj/Main.storyboard; sourceTree = "<group>"; };
		929689E6208F2F2C0011ED9D /* Assets.xcassets */ = {isa = PBXFileReference; lastKnownFileType = folder.assetcatalog; path = Assets.xcassets; sourceTree = "<group>"; };
		929689E9208F2F2C0011ED9D /* Base */ = {isa = PBXFileReference; lastKnownFileType = file.storyboard; name = Base; path = Base.lproj/LaunchScreen.storyboard; sourceTree = "<group>"; };
		929689EB208F2F2C0011ED9D /* Info.plist */ = {isa = PBXFileReference; lastKnownFileType = text.plist.xml; path = Info.plist; sourceTree = "<group>"; };
/* End PBXFileReference section */

/* Begin PBXFrameworksBuildPhase section */
		929689D9208F2F2B0011ED9D /* Frameworks */ = {
			isa = PBXFrameworksBuildPhase;
			buildActionMask = 2147483647;
			files = (
			);
			runOnlyForDeploymentPostprocessing = 0;
		};
/* End PBXFrameworksBuildPhase section */

/* Begin PBXGroup section */
		929689D3208F2F2B0011ED9D = {
			isa = PBXGroup;
			children = (
				929689DE208F2F2B0011ED9D /* FirstAppHakintosh */,
				929689DD208F2F2B0011ED9D /* Products */,
			);
			sourceTree = "<group>";
		};
		929689DD208F2F2B0011ED9D /* Products */ = {
			isa = PBXGroup;
			children = (
				929689DC208F2F2B0011ED9D /* FirstAppHakintosh.app */,
			);
			name = Products;
			sourceTree = "<group>";
		};
		929689DE208F2F2B0011ED9D /* FirstAppHakintosh */ = {
			isa = PBXGroup;
			children = (
				929689DF208F2F2C0011ED9D /* AppDelegate.swift */,
				929689E1208F2F2C0011ED9D /* ViewController.swift */,
				929689E3208F2F2C0011ED9D /* Main.storyboard */,
				929689E6208F2F2C0011ED9D /* Assets.xcassets */,
				929689E8208F2F2C0011ED9D /* LaunchScreen.storyboard */,
				929689EB208F2F2C0011ED9D /* Info.plist */,
			);
			path = FirstAppHakintosh;
			sourceTree = "<group>";
		};
/* End PBXGroup section */

/* Begin PBXNativeTarget section */
		929689DB208F2F2B0011ED9D /* FirstAppHakintosh */ = {
			isa = PBXNativeTarget;
			buildConfigurationList = 929689EE208F2F2C0011ED9D /* Build configuration list for PBXNativeTarget "FirstAppHakintosh" */;
			buildPhases = (
				929689D8208F2F2B0011ED9D /* Sources */,
				929689D9208F2F2B0011ED9D /* Frameworks */,
				929689DA208F2F2B0011ED9D /* Resources */,
			);
			buildRules = (
			);
			dependencies = (
			);
			name = FirstAppHakintosh;
			productName = FirstAppHakintosh;
			productReference = 929689DC208F2F2B0011ED9D /* FirstAppHakintosh.app */;
			productType = "com.apple.product-type.application";
		};
/* End PBXNativeTarget section */

/* Begin PBXProject section */
		929689D4208F2F2B0011ED9D /* Project object */ = {
			isa = PBXProject;
			attributes = {
				LastSwiftUpdateCheck = 0900;
				LastUpgradeCheck = 0900;
				ORGANIZATIONNAME = Shaikat;
				TargetAttributes = {
					929689DB208F2F2B0011ED9D = {
						CreatedOnToolsVersion = 9.0;
						ProvisioningStyle = Automatic;
					};
				};
			};
			buildConfigurationList = 929689D7208F2F2B0011ED9D /* Build configuration list for PBXProject "FirstAppHakintosh" */;
			compatibilityVersion = "Xcode 8.0";
			developmentRegion = en;
			hasScannedForEncodings = 0;
			knownRegions = (
				en,
				Base,
			);
			mainGroup = 929689D3208F2F2B0011ED9D;
			productRefGroup = 929689DD208F2F2B0011ED9D /* Products */;
			projectDirPath = "";
			projectRoot = "";
			targets = (
				929689DB208F2F2B0011ED9D /* FirstAppHakintosh */,
			);
		};
/* End PBXProject section */

/* Begin PBXResourcesBuildPhase section */
		929689DA208F2F2B0011ED9D /* Resources */ = {
			isa = PBXResourcesBuildPhase;
			buildActionMask = 2147483647;
			files = (
				929689EA208F2F2C0011ED9D /* LaunchScreen.storyboard in Resources */,
				929689E7208F2F2C0011ED9D /* Assets.xcassets in Resources */,
				929689E5208F2F2C0011ED9D /* Main.storyboard in Resources */,
			);
			runOnlyForDeploymentPostprocessing = 0;
		};
/* End PBXResourcesBuildPhase section */

/* Begin PBXSourcesBuildPhase section */
		929689D8208F2F2B0011ED9D /* Sources */ = {
			isa = PBXSourcesBuildPhase;
			buildActionMask = 2147483647;
			files = (
				929689E2208F2F2C0011ED9D /* ViewController.swift in Sources */,
				929689E0208F2F2C0011ED9D /* AppDelegate.swift in Sources */,
			);
			runOnlyForDeploymentPostprocessing = 0;
		};
/* End PBXSourcesBuildPhase section */

/* Begin PBXVariantGroup section */
		929689E3208F2F2C0011ED9D /* Main.storyboard */ = {
			isa = PBXVariantGroup;
			children = (
				929689E4208F2F2C0011ED9D /* Base */,
			);
			name = Main.storyboard;
			sourceTree = "<group>";
		};
		929689E8208F2F2C0011ED9D /* LaunchScreen.storyboard */ = {
			isa = PBXVariantGroup;
			children = (
				929689E9208F2F2C0011ED9D /* Base */,
			);
			name = LaunchScreen.storyboard;
			sourceTree = "<group>";
		};
/* End PBXVariantGroup section */

/* Begin XCBuildConfiguration section */
		929689EC208F2F2C0011ED9D /* Debug */ = {
			isa = XCBuildConfiguration;
			buildSettings = {
				ALWAYS_SEARCH_USER_PATHS = NO;
				CLANG_ANALYZER_NONNULL = YES;
				CLANG_ANALYZER_NUMBER_OBJECT_CONVERSION = YES_AGGRESSIVE;
				CLANG_CXX_LANGUAGE_STANDARD = "gnu++14";
				CLANG_CXX_LIBRARY = "libc++";
				CLANG_ENABLE_MODULES = YES;
				CLANG_ENABLE_OBJC_ARC = YES;
				CLANG_WARN_BLOCK_CAPTURE_AUTORELEASING = YES;
				CLANG_WARN_BOOL_CONVERSION = YES;
				CLANG_WARN_COMMA = YES;
				CLANG_WARN_CONSTANT_CONVERSION = YES;
				CLANG_WARN_DIRECT_OBJC_ISA_USAGE = YES_ERROR;
				CLANG_WARN_DOCUMENTATION_COMMENTS = YES;
				CLANG_WARN_EMPTY_BODY = YES;
				CLANG_WARN_ENUM_CONVERSION = YES;
				CLANG_WARN_INFINITE_RECURSION = YES;
				CLANG_WARN_INT_CONVERSION = YES;
				CLANG_WARN_NON_LITERAL_NULL_CONVERSION = YES;
				CLANG_WARN_OBJC_LITERAL_CONVERSION = YES;
				CLANG_WARN_OBJC_ROOT_CLASS = YES_ERROR;
				CLANG_WARN_RANGE_LOOP_ANALYSIS = YES;
				CLANG_WARN_STRICT_PROTOTYPES = YES;
				CLANG_WARN_SUSPICIOUS_MOVE = YES;
				CLANG_WARN_UNGUARDED_AVAILABILITY = YES_AGGRESSIVE;
				CLANG_WARN_UNREACHABLE_CODE = YES;
				CLANG_WARN__DUPLICATE_METHOD_MATCH = YES;
				CODE_SIGN_IDENTITY = "iPhone Developer";
				COPY_PHASE_STRIP = NO;
				DEBUG_INFORMATION_FORMAT = dwarf;
				ENABLE_STRICT_OBJC_MSGSEND = YES;
				ENABLE_TESTABILITY = YES;
				GCC_C_LANGUAGE_STANDARD = gnu11;
				GCC_DYNAMIC_NO_PIC = NO;
				GCC_NO_COMMON_BLOCKS = YES;
				GCC_OPTIMIZATION_LEVEL = 0;
				GCC_PREPROCESSOR_DEFINITIONS = (
					"DEBUG=1",
					"$(inherited)",
				);
				GCC_WARN_64_TO_32_BIT_CONVERSION = YES;
				GCC_WARN_ABOUT_RETURN_TYPE = YES_ERROR;
				GCC_WARN_UNDECLARED_SELECTOR = YES;
				GCC_WARN_UNINITIALIZED_AUTOS = YES_AGGRESSIVE;
				GCC_WARN_UNUSED_FUNCTION = YES;
				GCC_WARN_UNUSED_VARIABLE = YES;
				IPHONEOS_DEPLOYMENT_TARGET = 11.0;
				MTL_ENABLE_DEBUG_INFO = YES;
				ONLY_ACTIVE_ARCH = YES;
				SDKROOT = iphoneos;
				SWIFT_ACTIVE_COMPILATION_CONDITIONS = DEBUG;
				SWIFT_OPTIMIZATION_LEVEL = "-Onone";
			};
			name = Debug;
		};
		929689ED208F2F2C0011ED9D /* Release */ = {
			isa = XCBuildConfiguration;
			buildSettings = {
				ALWAYS_SEARCH_USER_PATHS = NO;
				CLANG_ANALYZER_NONNULL = YES;
				CLANG_ANALYZER_NUMBER_OBJECT_CONVERSION = YES_AGGRESSIVE;
				CLANG_CXX_LANGUAGE_STANDARD = "gnu++14";
				CLANG_CXX_LIBRARY = "libc++";
				CLANG_ENABLE_MODULES = YES;
				CLANG_ENABLE_OBJC_ARC = YES;
				CLANG_WARN_BLOCK_CAPTURE_AUTORELEASING = YES;
				CLANG_WARN_BOOL_CONVERSION = YES;
				CLANG_WARN_COMMA = YES;
				CLANG_WARN_CONSTANT_CONVERSION = YES;
				CLANG_WARN_DIRECT_OBJC_ISA_USAGE = YES_ERROR;
				CLANG_WARN_DOCUMENTATION_COMMENTS = YES;
				CLANG_WARN_EMPTY_BODY = YES;
				CLANG_WARN_ENUM_CONVERSION = YES;
				CLANG_WARN_INFINITE_RECURSION = YES;
				CLANG_WARN_INT_CONVERSION = YES;
				CLANG_WARN_NON_LITERAL_NULL_CONVERSION = YES;
				CLANG_WARN_OBJC_LITERAL_CONVERSION = YES;
				CLANG_WARN_OBJC_ROOT_CLASS = YES_ERROR;
				CLANG_WARN_RANGE_LOOP_ANALYSIS = YES;
				CLANG_WARN_STRICT_PROTOTYPES = YES;
				CLANG_WARN_SUSPICIOUS_MOVE = YES;
				CLANG_WARN_UNGUARDED_AVAILABILITY = YES_AGGRESSIVE;
				CLANG_WARN_UNREACHABLE_CODE = YES;
				CLANG_WARN__DUPLICATE_METHOD_MATCH = YES;
				CODE_SIGN_IDENTITY = "iPhone Developer";
				COPY_PHASE_STRIP = NO;
				DEBUG_INFORMATION_FORMAT = "dwarf-with-dsym";
				ENABLE_NS_ASSERTIONS = NO;
				ENABLE_STRICT_OBJC_MSGSEND = YES;
				GCC_C_LANGUAGE_STANDARD = gnu11;
				GCC_NO_COMMON_BLOCKS = YES;
				GCC_WARN_64_TO_32_BIT_CONVERSION = YES;
				GCC_WARN_ABOUT_RETURN_TYPE = YES_ERROR;
				GCC_WARN_UNDECLARED_SELECTOR = YES;
				GCC_WARN_UNINITIALIZED_AUTOS = YES_AGGRESSIVE;
				GCC_WARN_UNUSED_FUNCTION = YES;
				GCC_WARN_UNUSED_VARIABLE = YES;
				IPHONEOS_DEPLOYMENT_TARGET = 11.0;
				MTL_ENABLE_DEBUG_INFO = NO;
				SDKROOT = iphoneos;
				SWIFT_OPTIMIZATION_LEVEL = "-Owholemodule";
				VALIDATE_PRODUCT = YES;
			};
			name = Release;
		};
		929689EF208F2F2C0011ED9D /* Debug */ = {
			isa = XCBuildConfiguration;
			buildSettings = {
				ASSETCATALOG_COMPILER_APPICON_NAME = AppIcon;
				CODE_SIGN_STYLE = Automatic;
				INFOPLIST_FILE = FirstAppHakintosh/Info.plist;
				LD_RUNPATH_SEARCH_PATHS = "$(inherited) @executable_path/Frameworks";
				PRODUCT_BUNDLE_IDENTIFIER = com.firstApp.shaikat.FirstAppHakintosh;
				PRODUCT_NAME = "$(TARGET_NAME)";
				SWIFT_VERSION = 4.0;
				TARGETED_DEVICE_FAMILY = "1,2";
			};
			name = Debug;
		};
		929689F0208F2F2C0011ED9D /* Release */ = {
			isa = XCBuildConfiguration;
			buildSettings = {
				ASSETCATALOG_COMPILER_APPICON_NAME = AppIcon;
				CODE_SIGN_STYLE = Automatic;
				INFOPLIST_FILE = FirstAppHakintosh/Info.plist;
				LD_RUNPATH_SEARCH_PATHS = "$(inherited) @executable_path/Frameworks";
				PRODUCT_BUNDLE_IDENTIFIER = com.firstApp.shaikat.FirstAppHakintosh;
				PRODUCT_NAME = "$(TARGET_NAME)";
				SWIFT_VERSION = 4.0;
				TARGETED_DEVICE_FAMILY = "1,2";
			};
			name = Release;
		};
/* End XCBuildConfiguration section */

/* Begin XCConfigurationList section */
		929689D7208F2F2B0011ED9D /* Build configuration list for PBXProject "FirstAppHakintosh" */ = {
			isa = XCConfigurationList;
			buildConfigurations = (
				929689EC208F2F2C0011ED9D /* Debug */,
				929689ED208F2F2C0011ED9D /* Release */,
			);
			defaultConfigurationIsVisible = 0;
			defaultConfigurationName = Release;
		};
		929689EE208F2F2C0011ED9D /* Build configuration list for PBXNativeTarget "FirstAppHakintosh" */ = {
			isa = XCConfigurationList;
			buildConfigurations = (
				929689EF208F2F2C0011ED9D /* Debug */,
				929689F0208F2F2C0011ED9D /* Release */,
			);
			defaultConfigurationIsVisible = 0;
			defaultConfigurationName = Release;
		};
/* End XCConfigurationList section */
	};
	rootObject = 929689D4208F2F2B0011ED9D /* Project object */;
}
